// !$*UTF8*$!
{
	archiveVersion = 1;
	classes = {
	};
	objectVersion = 50;
	objects = {

/* Begin PBXBuildFile section */
		796AF236221B49690009B27F /* AppDelegate.m in Sources */ = {isa = PBXBuildFile; fileRef = 796AF235221B49690009B27F /* AppDelegate.m */; };
		796AF238221B49690009B27F /* GameScene.sks in Resources */ = {isa = PBXBuildFile; fileRef = 796AF237221B49690009B27F /* GameScene.sks */; };
		796AF23A221B49690009B27F /* Actions.sks in Resources */ = {isa = PBXBuildFile; fileRef = 796AF239221B49690009B27F /* Actions.sks */; };
		796AF23D221B49690009B27F /* GameScene.m in Sources */ = {isa = PBXBuildFile; fileRef = 796AF23C221B49690009B27F /* GameScene.m */; };
		796AF240221B49690009B27F /* GameViewController.m in Sources */ = {isa = PBXBuildFile; fileRef = 796AF23F221B49690009B27F /* GameViewController.m */; };
		796AF243221B49690009B27F /* Main.storyboard in Resources */ = {isa = PBXBuildFile; fileRef = 796AF241221B49690009B27F /* Main.storyboard */; };
		796AF245221B496A0009B27F /* Assets.xcassets in Resources */ = {isa = PBXBuildFile; fileRef = 796AF244221B496A0009B27F /* Assets.xcassets */; };
		796AF248221B496A0009B27F /* LaunchScreen.storyboard in Resources */ = {isa = PBXBuildFile; fileRef = 796AF246221B496A0009B27F /* LaunchScreen.storyboard */; };
		796AF24B221B496A0009B27F /* main.m in Sources */ = {isa = PBXBuildFile; fileRef = 796AF24A221B496A0009B27F /* main.m */; };
		796AF257222669460009B27F /* pmad1.png in Resources */ = {isa = PBXBuildFile; fileRef = 796AF256222669450009B27F /* pmad1.png */; };
		796AF25922266DA20009B27F /* maddenMillions.png in Resources */ = {isa = PBXBuildFile; fileRef = 796AF25822266DA20009B27F /* maddenMillions.png */; };
		796AF25B22266DAC0009B27F /* Copy of maddenMillions.png in Resources */ = {isa = PBXBuildFile; fileRef = 796AF25A22266DAC0009B27F /* Copy of maddenMillions.png */; };
/* End PBXBuildFile section */

/* Begin PBXFileReference section */
		796AF231221B49690009B27F /* tetris.app */ = {isa = PBXFileReference; explicitFileType = wrapper.application; includeInIndex = 0; path = tetris.app; sourceTree = BUILT_PRODUCTS_DIR; };
		796AF234221B49690009B27F /* AppDelegate.h */ = {isa = PBXFileReference; lastKnownFileType = sourcecode.c.h; path = AppDelegate.h; sourceTree = "<group>"; };
		796AF235221B49690009B27F /* AppDelegate.m */ = {isa = PBXFileReference; lastKnownFileType = sourcecode.c.objc; path = AppDelegate.m; sourceTree = "<group>"; };
		796AF237221B49690009B27F /* GameScene.sks */ = {isa = PBXFileReference; lastKnownFileType = file.sks; path = GameScene.sks; sourceTree = "<group>"; };
		796AF239221B49690009B27F /* Actions.sks */ = {isa = PBXFileReference; lastKnownFileType = file.sks; path = Actions.sks; sourceTree = "<group>"; };
		796AF23B221B49690009B27F /* GameScene.h */ = {isa = PBXFileReference; lastKnownFileType = sourcecode.c.h; path = GameScene.h; sourceTree = "<group>"; };
		796AF23C221B49690009B27F /* GameScene.m */ = {isa = PBXFileReference; lastKnownFileType = sourcecode.c.objc; path = GameScene.m; sourceTree = "<group>"; };
		796AF23E221B49690009B27F /* GameViewController.h */ = {isa = PBXFileReference; lastKnownFileType = sourcecode.c.h; path = GameViewController.h; sourceTree = "<group>"; };
		796AF23F221B49690009B27F /* GameViewController.m */ = {isa = PBXFileReference; lastKnownFileType = sourcecode.c.objc; path = GameViewController.m; sourceTree = "<group>"; };
		796AF242221B49690009B27F /* Base */ = {isa = PBXFileReference; lastKnownFileType = file.storyboard; name = Base; path = Base.lproj/Main.storyboard; sourceTree = "<group>"; };
		796AF244221B496A0009B27F /* Assets.xcassets */ = {isa = PBXFileReference; lastKnownFileType = folder.assetcatalog; path = Assets.xcassets; sourceTree = "<group>"; };
		796AF247221B496A0009B27F /* Base */ = {isa = PBXFileReference; lastKnownFileType = file.storyboard; name = Base; path = Base.lproj/LaunchScreen.storyboard; sourceTree = "<group>"; };
		796AF249221B496A0009B27F /* Info.plist */ = {isa = PBXFileReference; lastKnownFileType = text.plist.xml; path = Info.plist; sourceTree = "<group>"; };
		796AF24A221B496A0009B27F /* main.m */ = {isa = PBXFileReference; lastKnownFileType = sourcecode.c.objc; path = main.m; sourceTree = "<group>"; };
		796AF256222669450009B27F /* pmad1.png */ = {isa = PBXFileReference; lastKnownFileType = image.png; path = pmad1.png; sourceTree = SOURCE_ROOT; };
		796AF25822266DA20009B27F /* maddenMillions.png */ = {isa = PBXFileReference; lastKnownFileType = image.png; path = maddenMillions.png; sourceTree = SOURCE_ROOT; };
		796AF25A22266DAC0009B27F /* Copy of maddenMillions.png */ = {isa = PBXFileReference; lastKnownFileType = image.png; path = "Copy of maddenMillions.png"; sourceTree = SOURCE_ROOT; };
/* End PBXFileReference section */

/* Begin PBXFrameworksBuildPhase section */
		796AF22E221B49690009B27F /* Frameworks */ = {
			isa = PBXFrameworksBuildPhase;
			buildActionMask = 2147483647;
			files = (
			);
			runOnlyForDeploymentPostprocessing = 0;
		};
/* End PBXFrameworksBuildPhase section */

/* Begin PBXGroup section */
		796AF228221B49690009B27F = {
			isa = PBXGroup;
			children = (
				796AF233221B49690009B27F /* tetris */,
				796AF232221B49690009B27F /* Products */,
			);
			sourceTree = "<group>";
		};
		796AF232221B49690009B27F /* Products */ = {
			isa = PBXGroup;
			children = (
				796AF231221B49690009B27F /* tetris.app */,
			);
			name = Products;
			sourceTree = "<group>";
		};
		796AF233221B49690009B27F /* tetris */ = {
			isa = PBXGroup;
			children = (
				796AF234221B49690009B27F /* AppDelegate.h */,
				796AF235221B49690009B27F /* AppDelegate.m */,
				796AF25822266DA20009B27F /* maddenMillions.png */,
				796AF237221B49690009B27F /* GameScene.sks */,
				796AF256222669450009B27F /* pmad1.png */,
				796AF25A22266DAC0009B27F /* Copy of maddenMillions.png */,
				796AF239221B49690009B27F /* Actions.sks */,
				796AF23B221B49690009B27F /* GameScene.h */,
				796AF23C221B49690009B27F /* GameScene.m */,
				796AF23E221B49690009B27F /* GameViewController.h */,
				796AF23F221B49690009B27F /* GameViewController.m */,
				796AF241221B49690009B27F /* Main.storyboard */,
				796AF244221B496A0009B27F /* Assets.xcassets */,
				796AF246221B496A0009B27F /* LaunchScreen.storyboard */,
				796AF249221B496A0009B27F /* Info.plist */,
				796AF24A221B496A0009B27F /* main.m */,
			);
			path = tetris;
			sourceTree = "<group>";
		};
/* End PBXGroup section */

/* Begin PBXNativeTarget section */
		796AF230221B49690009B27F /* tetris */ = {
			isa = PBXNativeTarget;
			buildConfigurationList = 796AF24E221B496A0009B27F /* Build configuration list for PBXNativeTarget "tetris" */;
			buildPhases = (
				796AF22D221B49690009B27F /* Sources */,
				796AF22E221B49690009B27F /* Frameworks */,
				796AF22F221B49690009B27F /* Resources */,
			);
			buildRules = (
			);
			dependencies = (
			);
			name = tetris;
			productName = tetris;
			productReference = 796AF231221B49690009B27F /* tetris.app */;
			productType = "com.apple.product-type.application";
		};
/* End PBXNativeTarget section */

/* Begin PBXProject section */
		796AF229221B49690009B27F /* Project object */ = {
			isa = PBXProject;
			attributes = {
				LastUpgradeCheck = 1010;
				ORGANIZATIONNAME = "Richard Zheng";
				TargetAttributes = {
					796AF230221B49690009B27F = {
						CreatedOnToolsVersion = 10.1;
					};
				};
			};
			buildConfigurationList = 796AF22C221B49690009B27F /* Build configuration list for PBXProject "tetris" */;
			compatibilityVersion = "Xcode 9.3";
			developmentRegion = en;
			hasScannedForEncodings = 0;
			knownRegions = (
				en,
				Base,
			);
			mainGroup = 796AF228221B49690009B27F;
			productRefGroup = 796AF232221B49690009B27F /* Products */;
			projectDirPath = "";
			projectRoot = "";
			targets = (
				796AF230221B49690009B27F /* tetris */,
			);
		};
/* End PBXProject section */

/* Begin PBXResourcesBuildPhase section */
		796AF22F221B49690009B27F /* Resources */ = {
			isa = PBXResourcesBuildPhase;
			buildActionMask = 2147483647;
			files = (
				796AF243221B49690009B27F /* Main.storyboard in Resources */,
				796AF257222669460009B27F /* pmad1.png in Resources */,
				796AF238221B49690009B27F /* GameScene.sks in Resources */,
				796AF245221B496A0009B27F /* Assets.xcassets in Resources */,
				796AF248221B496A0009B27F /* LaunchScreen.storyboard in Resources */,
				796AF25B22266DAC0009B27F /* Copy of maddenMillions.png in Resources */,
				796AF25922266DA20009B27F /* maddenMillions.png in Resources */,
				796AF23A221B49690009B27F /* Actions.sks in Resources */,
			);
			runOnlyForDeploymentPostprocessing = 0;
		};
/* End PBXResourcesBuildPhase section */

/* Begin PBXSourcesBuildPhase section */
		796AF22D221B49690009B27F /* Sources */ = {
			isa = PBXSourcesBuildPhase;
			buildActionMask = 2147483647;
			files = (
				796AF23D221B49690009B27F /* GameScene.m in Sources */,
				796AF240221B49690009B27F /* GameViewController.m in Sources */,
				796AF24B221B496A0009B27F /* main.m in Sources */,
				796AF236221B49690009B27F /* AppDelegate.m in Sources */,
			);
			runOnlyForDeploymentPostprocessing = 0;
		};
/* End PBXSourcesBuildPhase section */

/* Begin PBXVariantGroup section */
		796AF241221B49690009B27F /* Main.storyboard */ = {
			isa = PBXVariantGroup;
			children = (
				796AF242221B49690009B27F /* Base */,
			);
			name = Main.storyboard;
			sourceTree = "<group>";
		};
		796AF246221B496A0009B27F /* LaunchScreen.storyboard */ = {
			isa = PBXVariantGroup;
			children = (
				796AF247221B496A0009B27F /* Base */,
			);
			name = LaunchScreen.storyboard;
			sourceTree = "<group>";
		};
/* End PBXVariantGroup section */

/* Begin XCBuildConfiguration section */
		796AF24C221B496A0009B27F /* Debug */ = {
			isa = XCBuildConfiguration;
			buildSettings = {
				ALWAYS_SEARCH_USER_PATHS = NO;
				CLANG_ANALYZER_NONNULL = YES;
				CLANG_ANALYZER_NUMBER_OBJECT_CONVERSION = YES_AGGRESSIVE;
				CLANG_CXX_LANGUAGE_STANDARD = "gnu++14";
				CLANG_CXX_LIBRARY = "libc++";
				CLANG_ENABLE_MODULES = YES;
				CLANG_ENABLE_OBJC_ARC = YES;
				CLANG_ENABLE_OBJC_WEAK = YES;
				CLANG_WARN_BLOCK_CAPTURE_AUTORELEASING = YES;
				CLANG_WARN_BOOL_CONVERSION = YES;
				CLANG_WARN_COMMA = YES;
				CLANG_WARN_CONSTANT_CONVERSION = YES;
				CLANG_WARN_DEPRECATED_OBJC_IMPLEMENTATIONS = YES;
				CLANG_WARN_DIRECT_OBJC_ISA_USAGE = YES_ERROR;
				CLANG_WARN_DOCUMENTATION_COMMENTS = YES;
				CLANG_WARN_EMPTY_BODY = YES;
				CLANG_WARN_ENUM_CONVERSION = YES;
				CLANG_WARN_INFINITE_RECURSION = YES;
				CLANG_WARN_INT_CONVERSION = YES;
				CLANG_WARN_NON_LITERAL_NULL_CONVERSION = YES;
				CLANG_WARN_OBJC_IMPLICIT_RETAIN_SELF = YES;
				CLANG_WARN_OBJC_LITERAL_CONVERSION = YES;
				CLANG_WARN_OBJC_ROOT_CLASS = YES_ERROR;
				CLANG_WARN_RANGE_LOOP_ANALYSIS = YES;
				CLANG_WARN_STRICT_PROTOTYPES = YES;
				CLANG_WARN_SUSPICIOUS_MOVE = YES;
				CLANG_WARN_UNGUARDED_AVAILABILITY = YES_AGGRESSIVE;
				CLANG_WARN_UNREACHABLE_CODE = YES;
				CLANG_WARN__DUPLICATE_METHOD_MATCH = YES;
				CODE_SIGN_IDENTITY = "iPhone Developer";
				COPY_PHASE_STRIP = NO;
				DEBUG_INFORMATION_FORMAT = dwarf;
				ENABLE_STRICT_OBJC_MSGSEND = YES;
				ENABLE_TESTABILITY = YES;
				GCC_C_LANGUAGE_STANDARD = gnu11;
				GCC_DYNAMIC_NO_PIC = NO;
				GCC_NO_COMMON_BLOCKS = YES;
				GCC_OPTIMIZATION_LEVEL = 0;
				GCC_PREPROCESSOR_DEFINITIONS = (
					"DEBUG=1",
					"$(inherited)",
				);
				GCC_WARN_64_TO_32_BIT_CONVERSION = YES;
				GCC_WARN_ABOUT_RETURN_TYPE = YES_ERROR;
				GCC_WARN_UNDECLARED_SELECTOR = YES;
				GCC_WARN_UNINITIALIZED_AUTOS = YES_AGGRESSIVE;
				GCC_WARN_UNUSED_FUNCTION = YES;
				GCC_WARN_UNUSED_VARIABLE = YES;
				IPHONEOS_DEPLOYMENT_TARGET = 12.1;
				MTL_ENABLE_DEBUG_INFO = INCLUDE_SOURCE;
				MTL_FAST_MATH = YES;
				ONLY_ACTIVE_ARCH = YES;
				SDKROOT = iphoneos;
			};
			name = Debug;
		};
		796AF24D221B496A0009B27F /* Release */ = {
			isa = XCBuildConfiguration;
			buildSettings = {
				ALWAYS_SEARCH_USER_PATHS = NO;
				CLANG_ANALYZER_NONNULL = YES;
				CLANG_ANALYZER_NUMBER_OBJECT_CONVERSION = YES_AGGRESSIVE;
				CLANG_CXX_LANGUAGE_STANDARD = "gnu++14";
				CLANG_CXX_LIBRARY = "libc++";
				CLANG_ENABLE_MODULES = YES;
				CLANG_ENABLE_OBJC_ARC = YES;
				CLANG_ENABLE_OBJC_WEAK = YES;
				CLANG_WARN_BLOCK_CAPTURE_AUTORELEASING = YES;
				CLANG_WARN_BOOL_CONVERSION = YES;
				CLANG_WARN_COMMA = YES;
				CLANG_WARN_CONSTANT_CONVERSION = YES;
				CLANG_WARN_DEPRECATED_OBJC_IMPLEMENTATIONS = YES;
				CLANG_WARN_DIRECT_OBJC_ISA_USAGE = YES_ERROR;
				CLANG_WARN_DOCUMENTATION_COMMENTS = YES;
				CLANG_WARN_EMPTY_BODY = YES;
				CLANG_WARN_ENUM_CONVERSION = YES;
				CLANG_WARN_INFINITE_RECURSION = YES;
				CLANG_WARN_INT_CONVERSION = YES;
				CLANG_WARN_NON_LITERAL_NULL_CONVERSION = YES;
				CLANG_WARN_OBJC_IMPLICIT_RETAIN_SELF = YES;
				CLANG_WARN_OBJC_LITERAL_CONVERSION = YES;
				CLANG_WARN_OBJC_ROOT_CLASS = YES_ERROR;
				CLANG_WARN_RANGE_LOOP_ANALYSIS = YES;
				CLANG_WARN_STRICT_PROTOTYPES = YES;
				CLANG_WARN_SUSPICIOUS_MOVE = YES;
				CLANG_WARN_UNGUARDED_AVAILABILITY = YES_AGGRESSIVE;
				CLANG_WARN_UNREACHABLE_CODE = YES;
				CLANG_WARN__DUPLICATE_METHOD_MATCH = YES;
				CODE_SIGN_IDENTITY = "iPhone Developer";
				COPY_PHASE_STRIP = NO;
				DEBUG_INFORMATION_FORMAT = "dwarf-with-dsym";
				ENABLE_NS_ASSERTIONS = NO;
				ENABLE_STRICT_OBJC_MSGSEND = YES;
				GCC_C_LANGUAGE_STANDARD = gnu11;
				GCC_NO_COMMON_BLOCKS = YES;
				GCC_WARN_64_TO_32_BIT_CONVERSION = YES;
				GCC_WARN_ABOUT_RETURN_TYPE = YES_ERROR;
				GCC_WARN_UNDECLARED_SELECTOR = YES;
				GCC_WARN_UNINITIALIZED_AUTOS = YES_AGGRESSIVE;
				GCC_WARN_UNUSED_FUNCTION = YES;
				GCC_WARN_UNUSED_VARIABLE = YES;
				IPHONEOS_DEPLOYMENT_TARGET = 12.1;
				MTL_ENABLE_DEBUG_INFO = NO;
				MTL_FAST_MATH = YES;
				SDKROOT = iphoneos;
				VALIDATE_PRODUCT = YES;
			};
			name = Release;
		};
		796AF24F221B496A0009B27F /* Debug */ = {
			isa = XCBuildConfiguration;
			buildSettings = {
				ASSETCATALOG_COMPILER_APPICON_NAME = AppIcon;
				CODE_SIGN_STYLE = Automatic;
				INFOPLIST_FILE = tetris/Info.plist;
				LD_RUNPATH_SEARCH_PATHS = (
					"$(inherited)",
					"@executable_path/Frameworks",
				);
				PRODUCT_BUNDLE_IDENTIFIER = binghamton.tetris;
				PRODUCT_NAME = "$(TARGET_NAME)";
				TARGETED_DEVICE_FAMILY = "1,2";
			};
			name = Debug;
		};
		796AF250221B496A0009B27F /* Release */ = {
			isa = XCBuildConfiguration;
			buildSettings = {
				ASSETCATALOG_COMPILER_APPICON_NAME = AppIcon;
				CODE_SIGN_STYLE = Automatic;
				INFOPLIST_FILE = tetris/Info.plist;
				LD_RUNPATH_SEARCH_PATHS = (
					"$(inherited)",
					"@executable_path/Frameworks",
				);
				PRODUCT_BUNDLE_IDENTIFIER = binghamton.tetris;
				PRODUCT_NAME = "$(TARGET_NAME)";
				TARGETED_DEVICE_FAMILY = "1,2";
			};
			name = Release;
		};
/* End XCBuildConfiguration section */

/* Begin XCConfigurationList section */
		796AF22C221B49690009B27F /* Build configuration list for PBXProject "tetris" */ = {
			isa = XCConfigurationList;
			buildConfigurations = (
				796AF24C221B496A0009B27F /* Debug */,
				796AF24D221B496A0009B27F /* Release */,
			);
			defaultConfigurationIsVisible = 0;
			defaultConfigurationName = Release;
		};
		796AF24E221B496A0009B27F /* Build configuration list for PBXNativeTarget "tetris" */ = {
			isa = XCConfigurationList;
			buildConfigurations = (
				796AF24F221B496A0009B27F /* Debug */,
				796AF250221B496A0009B27F /* Release */,
			);
			defaultConfigurationIsVisible = 0;
			defaultConfigurationName = Release;
		};
/* End XCConfigurationList section */
	};
	rootObject = 796AF229221B49690009B27F /* Project object */;
}
